// !$*UTF8*$!
{
	archiveVersion = 1;
	classes = {
	};
	objectVersion = 46;
	objects = {

/* Begin PBXBuildFile section */
		4853E9441E1DE0E100436DA7 /* 1004.cpp in Sources */ = {isa = PBXBuildFile; fileRef = 4853E9431E1DE0E100436DA7 /* 1004.cpp */; };
		4853E9461E1E06D100436DA7 /* 1005.cpp in Sources */ = {isa = PBXBuildFile; fileRef = 4853E9451E1E06D100436DA7 /* 1005.cpp */; };
		4853E9481E1E1BAE00436DA7 /* 1006.cpp in Sources */ = {isa = PBXBuildFile; fileRef = 4853E9471E1E1BAE00436DA7 /* 1006.cpp */; };
		4853E94A1E1E25B800436DA7 /* 1007.cpp in Sources */ = {isa = PBXBuildFile; fileRef = 4853E9491E1E25B800436DA7 /* 1007.cpp */; };
		4890DA5D1E1CC5C6003893AA /* 1003.cpp in Sources */ = {isa = PBXBuildFile; fileRef = 4890DA5B1E1CC5C6003893AA /* 1003.cpp */; };
		48B370B41D6160D7007BB1BA /* 1002.cpp in Sources */ = {isa = PBXBuildFile; fileRef = 48B370B21D6160D7007BB1BA /* 1002.cpp */; };
		48D785C81D5CB48F00D36CC0 /* main.cpp in Sources */ = {isa = PBXBuildFile; fileRef = 48D785C71D5CB48F00D36CC0 /* main.cpp */; };
		48D785D01D5CB4A900D36CC0 /* 1001.cpp in Sources */ = {isa = PBXBuildFile; fileRef = 48D785CE1D5CB4A900D36CC0 /* 1001.cpp */; };
/* End PBXBuildFile section */

/* Begin PBXCopyFilesBuildPhase section */
		48D785C21D5CB48F00D36CC0 /* CopyFiles */ = {
			isa = PBXCopyFilesBuildPhase;
			buildActionMask = 2147483647;
			dstPath = /usr/share/man/man1/;
			dstSubfolderSpec = 0;
			files = (
			);
			runOnlyForDeploymentPostprocessing = 1;
		};
/* End PBXCopyFilesBuildPhase section */

/* Begin PBXFileReference section */
		4853E9431E1DE0E100436DA7 /* 1004.cpp */ = {isa = PBXFileReference; fileEncoding = 4; lastKnownFileType = sourcecode.cpp.cpp; path = 1004.cpp; sourceTree = "<group>"; };
		4853E9451E1E06D100436DA7 /* 1005.cpp */ = {isa = PBXFileReference; fileEncoding = 4; lastKnownFileType = sourcecode.cpp.cpp; path = 1005.cpp; sourceTree = "<group>"; };
		4853E9471E1E1BAE00436DA7 /* 1006.cpp */ = {isa = PBXFileReference; fileEncoding = 4; lastKnownFileType = sourcecode.cpp.cpp; path = 1006.cpp; sourceTree = "<group>"; };
		4853E9491E1E25B800436DA7 /* 1007.cpp */ = {isa = PBXFileReference; fileEncoding = 4; lastKnownFileType = sourcecode.cpp.cpp; path = 1007.cpp; sourceTree = "<group>"; };
		4890DA5B1E1CC5C6003893AA /* 1003.cpp */ = {isa = PBXFileReference; fileEncoding = 4; lastKnownFileType = sourcecode.cpp.cpp; path = 1003.cpp; sourceTree = "<group>"; };
		4890DA5E1E1CC654003893AA /* pat.h */ = {isa = PBXFileReference; lastKnownFileType = sourcecode.c.h; path = pat.h; sourceTree = "<group>"; };
		48B370B21D6160D7007BB1BA /* 1002.cpp */ = {isa = PBXFileReference; fileEncoding = 4; lastKnownFileType = sourcecode.cpp.cpp; path = 1002.cpp; sourceTree = "<group>"; };
		48D785C41D5CB48F00D36CC0 /* PAT_project */ = {isa = PBXFileReference; explicitFileType = "compiled.mach-o.executable"; includeInIndex = 0; path = PAT_project; sourceTree = BUILT_PRODUCTS_DIR; };
		48D785C71D5CB48F00D36CC0 /* main.cpp */ = {isa = PBXFileReference; lastKnownFileType = sourcecode.cpp.cpp; path = main.cpp; sourceTree = "<group>"; };
		48D785CE1D5CB4A900D36CC0 /* 1001.cpp */ = {isa = PBXFileReference; fileEncoding = 4; lastKnownFileType = sourcecode.cpp.cpp; path = 1001.cpp; sourceTree = "<group>"; };
/* End PBXFileReference section */

/* Begin PBXFrameworksBuildPhase section */
		48D785C11D5CB48F00D36CC0 /* Frameworks */ = {
			isa = PBXFrameworksBuildPhase;
			buildActionMask = 2147483647;
			files = (
			);
			runOnlyForDeploymentPostprocessing = 0;
		};
/* End PBXFrameworksBuildPhase section */

/* Begin PBXGroup section */
		48D785BB1D5CB48F00D36CC0 = {
			isa = PBXGroup;
			children = (
				48D785C61D5CB48F00D36CC0 /* PAT_project */,
				48D785C51D5CB48F00D36CC0 /* Products */,
			);
			sourceTree = "<group>";
		};
		48D785C51D5CB48F00D36CC0 /* Products */ = {
			isa = PBXGroup;
			children = (
				48D785C41D5CB48F00D36CC0 /* PAT_project */,
			);
			name = Products;
			sourceTree = "<group>";
		};
		48D785C61D5CB48F00D36CC0 /* PAT_project */ = {
			isa = PBXGroup;
			children = (
				48D785C71D5CB48F00D36CC0 /* main.cpp */,
				48D785CE1D5CB4A900D36CC0 /* 1001.cpp */,
				48B370B21D6160D7007BB1BA /* 1002.cpp */,
				4890DA5B1E1CC5C6003893AA /* 1003.cpp */,
				4890DA5E1E1CC654003893AA /* pat.h */,
				4853E9431E1DE0E100436DA7 /* 1004.cpp */,
				4853E9451E1E06D100436DA7 /* 1005.cpp */,
				4853E9471E1E1BAE00436DA7 /* 1006.cpp */,
				4853E9491E1E25B800436DA7 /* 1007.cpp */,
			);
			path = PAT_project;
			sourceTree = "<group>";
		};
/* End PBXGroup section */

/* Begin PBXNativeTarget section */
		48D785C31D5CB48F00D36CC0 /* PAT_project */ = {
			isa = PBXNativeTarget;
			buildConfigurationList = 48D785CB1D5CB48F00D36CC0 /* Build configuration list for PBXNativeTarget "PAT_project" */;
			buildPhases = (
				48D785C01D5CB48F00D36CC0 /* Sources */,
				48D785C11D5CB48F00D36CC0 /* Frameworks */,
				48D785C21D5CB48F00D36CC0 /* CopyFiles */,
			);
			buildRules = (
			);
			dependencies = (
			);
			name = PAT_project;
			productName = PAT_project;
			productReference = 48D785C41D5CB48F00D36CC0 /* PAT_project */;
			productType = "com.apple.product-type.tool";
		};
/* End PBXNativeTarget section */

/* Begin PBXProject section */
		48D785BC1D5CB48F00D36CC0 /* Project object */ = {
			isa = PBXProject;
			attributes = {
				LastUpgradeCheck = 0810;
				ORGANIZATIONNAME = "胡文杰";
				TargetAttributes = {
					48D785C31D5CB48F00D36CC0 = {
						CreatedOnToolsVersion = 7.3.1;
					};
				};
			};
			buildConfigurationList = 48D785BF1D5CB48F00D36CC0 /* Build configuration list for PBXProject "PAT_project" */;
			compatibilityVersion = "Xcode 3.2";
			developmentRegion = English;
			hasScannedForEncodings = 0;
			knownRegions = (
				en,
			);
			mainGroup = 48D785BB1D5CB48F00D36CC0;
			productRefGroup = 48D785C51D5CB48F00D36CC0 /* Products */;
			projectDirPath = "";
			projectRoot = "";
			targets = (
				48D785C31D5CB48F00D36CC0 /* PAT_project */,
			);
		};
/* End PBXProject section */

/* Begin PBXSourcesBuildPhase section */
		48D785C01D5CB48F00D36CC0 /* Sources */ = {
			isa = PBXSourcesBuildPhase;
			buildActionMask = 2147483647;
			files = (
				48B370B41D6160D7007BB1BA /* 1002.cpp in Sources */,
				4853E94A1E1E25B800436DA7 /* 1007.cpp in Sources */,
				4890DA5D1E1CC5C6003893AA /* 1003.cpp in Sources */,
				4853E9481E1E1BAE00436DA7 /* 1006.cpp in Sources */,
				48D785C81D5CB48F00D36CC0 /* main.cpp in Sources */,
				4853E9461E1E06D100436DA7 /* 1005.cpp in Sources */,
				48D785D01D5CB4A900D36CC0 /* 1001.cpp in Sources */,
				4853E9441E1DE0E100436DA7 /* 1004.cpp in Sources */,
			);
			runOnlyForDeploymentPostprocessing = 0;
		};
/* End PBXSourcesBuildPhase section */

/* Begin XCBuildConfiguration section */
		48D785C91D5CB48F00D36CC0 /* Debug */ = {
			isa = XCBuildConfiguration;
			buildSettings = {
				ALWAYS_SEARCH_USER_PATHS = NO;
				CLANG_ANALYZER_NONNULL = YES;
				CLANG_CXX_LANGUAGE_STANDARD = "gnu++0x";
				CLANG_CXX_LIBRARY = "libc++";
				CLANG_ENABLE_MODULES = YES;
				CLANG_ENABLE_OBJC_ARC = YES;
				CLANG_WARN_BOOL_CONVERSION = YES;
				CLANG_WARN_CONSTANT_CONVERSION = YES;
				CLANG_WARN_DIRECT_OBJC_ISA_USAGE = YES_ERROR;
				CLANG_WARN_EMPTY_BODY = YES;
				CLANG_WARN_ENUM_CONVERSION = YES;
				CLANG_WARN_INFINITE_RECURSION = YES;
				CLANG_WARN_INT_CONVERSION = YES;
				CLANG_WARN_OBJC_ROOT_CLASS = YES_ERROR;
				CLANG_WARN_SUSPICIOUS_MOVE = YES;
				CLANG_WARN_UNREACHABLE_CODE = YES;
				CLANG_WARN__DUPLICATE_METHOD_MATCH = YES;
				CODE_SIGN_IDENTITY = "-";
				COPY_PHASE_STRIP = NO;
				DEBUG_INFORMATION_FORMAT = dwarf;
				ENABLE_STRICT_OBJC_MSGSEND = YES;
				ENABLE_TESTABILITY = YES;
				GCC_C_LANGUAGE_STANDARD = gnu99;
				GCC_DYNAMIC_NO_PIC = NO;
				GCC_NO_COMMON_BLOCKS = YES;
				GCC_OPTIMIZATION_LEVEL = 0;
				GCC_PREPROCESSOR_DEFINITIONS = (
					"DEBUG=1",
					"$(inherited)",
				);
				GCC_WARN_64_TO_32_BIT_CONVERSION = YES;
				GCC_WARN_ABOUT_RETURN_TYPE = YES_ERROR;
				GCC_WARN_UNDECLARED_SELECTOR = YES;
				GCC_WARN_UNINITIALIZED_AUTOS = YES_AGGRESSIVE;
				GCC_WARN_UNUSED_FUNCTION = YES;
				GCC_WARN_UNUSED_VARIABLE = YES;
				MACOSX_DEPLOYMENT_TARGET = 10.11;
				MTL_ENABLE_DEBUG_INFO = YES;
				ONLY_ACTIVE_ARCH = YES;
				SDKROOT = macosx;
			};
			name = Debug;
		};
		48D785CA1D5CB48F00D36CC0 /* Release */ = {
			isa = XCBuildConfiguration;
			buildSettings = {
				ALWAYS_SEARCH_USER_PATHS = NO;
				CLANG_ANALYZER_NONNULL = YES;
				CLANG_CXX_LANGUAGE_STANDARD = "gnu++0x";
				CLANG_CXX_LIBRARY = "libc++";
				CLANG_ENABLE_MODULES = YES;
				CLANG_ENABLE_OBJC_ARC = YES;
				CLANG_WARN_BOOL_CONVERSION = YES;
				CLANG_WARN_CONSTANT_CONVERSION = YES;
				CLANG_WARN_DIRECT_OBJC_ISA_USAGE = YES_ERROR;
				CLANG_WARN_EMPTY_BODY = YES;
				CLANG_WARN_ENUM_CONVERSION = YES;
				CLANG_WARN_INFINITE_RECURSION = YES;
				CLANG_WARN_INT_CONVERSION = YES;
				CLANG_WARN_OBJC_ROOT_CLASS = YES_ERROR;
				CLANG_WARN_SUSPICIOUS_MOVE = YES;
				CLANG_WARN_UNREACHABLE_CODE = YES;
				CLANG_WARN__DUPLICATE_METHOD_MATCH = YES;
				CODE_SIGN_IDENTITY = "-";
				COPY_PHASE_STRIP = NO;
				DEBUG_INFORMATION_FORMAT = "dwarf-with-dsym";
				ENABLE_NS_ASSERTIONS = NO;
				ENABLE_STRICT_OBJC_MSGSEND = YES;
				GCC_C_LANGUAGE_STANDARD = gnu99;
				GCC_NO_COMMON_BLOCKS = YES;
				GCC_WARN_64_TO_32_BIT_CONVERSION = YES;
				GCC_WARN_ABOUT_RETURN_TYPE = YES_ERROR;
				GCC_WARN_UNDECLARED_SELECTOR = YES;
				GCC_WARN_UNINITIALIZED_AUTOS = YES_AGGRESSIVE;
				GCC_WARN_UNUSED_FUNCTION = YES;
				GCC_WARN_UNUSED_VARIABLE = YES;
				MACOSX_DEPLOYMENT_TARGET = 10.11;
				MTL_ENABLE_DEBUG_INFO = NO;
				SDKROOT = macosx;
			};
			name = Release;
		};
		48D785CC1D5CB48F00D36CC0 /* Debug */ = {
			isa = XCBuildConfiguration;
			buildSettings = {
				PRODUCT_NAME = "$(TARGET_NAME)";
			};
			name = Debug;
		};
		48D785CD1D5CB48F00D36CC0 /* Release */ = {
			isa = XCBuildConfiguration;
			buildSettings = {
				PRODUCT_NAME = "$(TARGET_NAME)";
			};
			name = Release;
		};
/* End XCBuildConfiguration section */

/* Begin XCConfigurationList section */
		48D785BF1D5CB48F00D36CC0 /* Build configuration list for PBXProject "PAT_project" */ = {
			isa = XCConfigurationList;
			buildConfigurations = (
				48D785C91D5CB48F00D36CC0 /* Debug */,
				48D785CA1D5CB48F00D36CC0 /* Release */,
			);
			defaultConfigurationIsVisible = 0;
			defaultConfigurationName = Release;
		};
		48D785CB1D5CB48F00D36CC0 /* Build configuration list for PBXNativeTarget "PAT_project" */ = {
			isa = XCConfigurationList;
			buildConfigurations = (
				48D785CC1D5CB48F00D36CC0 /* Debug */,
				48D785CD1D5CB48F00D36CC0 /* Release */,
			);
			defaultConfigurationIsVisible = 0;
			defaultConfigurationName = Release;
		};
/* End XCConfigurationList section */
	};
	rootObject = 48D785BC1D5CB48F00D36CC0 /* Project object */;
}
